// !$*UTF8*$!
{
	archiveVersion = 1;
	classes = {
	};
	objectVersion = 55;
	objects = {

/* Begin PBXBuildFile section */
		3A82510E27E7435D002A1776 /* MenuCell.swift in Sources */ = {isa = PBXBuildFile; fileRef = 3A82510D27E7435D002A1776 /* MenuCell.swift */; };
		3A82511027E7436E002A1776 /* BannerCell.swift in Sources */ = {isa = PBXBuildFile; fileRef = 3A82510F27E7436E002A1776 /* BannerCell.swift */; };
		3A82511227E7437E002A1776 /* BestCell.swift in Sources */ = {isa = PBXBuildFile; fileRef = 3A82511127E7437E002A1776 /* BestCell.swift */; };
		3A82511427E7438B002A1776 /* StoreCell.swift in Sources */ = {isa = PBXBuildFile; fileRef = 3A82511327E7438B002A1776 /* StoreCell.swift */; };
		3A82511827E74BE0002A1776 /* Delivery1View.swift in Sources */ = {isa = PBXBuildFile; fileRef = 3A82511727E74BE0002A1776 /* Delivery1View.swift */; };
		3A97156D27E2F34700161EBC /* MainHeader.swift in Sources */ = {isa = PBXBuildFile; fileRef = 3A97156C27E2F34700161EBC /* MainHeader.swift */; };
		3A97156F27E300B300161EBC /* MainHeaderCell.swift in Sources */ = {isa = PBXBuildFile; fileRef = 3A97156E27E300B300161EBC /* MainHeaderCell.swift */; };
		3AF6A12927E2064200E93B45 /* AppDelegate.swift in Sources */ = {isa = PBXBuildFile; fileRef = 3AF6A12827E2064200E93B45 /* AppDelegate.swift */; };
		3AF6A12B27E2064200E93B45 /* SceneDelegate.swift in Sources */ = {isa = PBXBuildFile; fileRef = 3AF6A12A27E2064200E93B45 /* SceneDelegate.swift */; };
		3AF6A12D27E2064200E93B45 /* MainView.swift in Sources */ = {isa = PBXBuildFile; fileRef = 3AF6A12C27E2064200E93B45 /* MainView.swift */; };
		3AF6A13027E2064200E93B45 /* Main.storyboard in Resources */ = {isa = PBXBuildFile; fileRef = 3AF6A12E27E2064200E93B45 /* Main.storyboard */; };
		3AF6A13227E2064300E93B45 /* Assets.xcassets in Resources */ = {isa = PBXBuildFile; fileRef = 3AF6A13127E2064300E93B45 /* Assets.xcassets */; };
		3AF6A13527E2064300E93B45 /* LaunchScreen.storyboard in Resources */ = {isa = PBXBuildFile; fileRef = 3AF6A13327E2064300E93B45 /* LaunchScreen.storyboard */; };
		3AF6A14227E2186F00E93B45 /* .swiftlint.yml in Resources */ = {isa = PBXBuildFile; fileRef = 3AF6A14127E2186F00E93B45 /* .swiftlint.yml */; };
		3AF6A14427E220CF00E93B45 /* MainCell.swift in Sources */ = {isa = PBXBuildFile; fileRef = 3AF6A14327E220CF00E93B45 /* MainCell.swift */; };
		3AF6A14627E24B0800E93B45 /* delivery1.storyboard in Resources */ = {isa = PBXBuildFile; fileRef = 3AF6A14527E24B0800E93B45 /* delivery1.storyboard */; };
		AE5535579373122EDDC344FD /* Pods_baemin.framework in Frameworks */ = {isa = PBXBuildFile; fileRef = 77DB0E8D7074744BA12F8574 /* Pods_baemin.framework */; };
/* End PBXBuildFile section */

/* Begin PBXFileReference section */
		3A82510D27E7435D002A1776 /* MenuCell.swift */ = {isa = PBXFileReference; lastKnownFileType = sourcecode.swift; path = MenuCell.swift; sourceTree = "<group>"; };
		3A82510F27E7436E002A1776 /* BannerCell.swift */ = {isa = PBXFileReference; lastKnownFileType = sourcecode.swift; path = BannerCell.swift; sourceTree = "<group>"; };
		3A82511127E7437E002A1776 /* BestCell.swift */ = {isa = PBXFileReference; lastKnownFileType = sourcecode.swift; path = BestCell.swift; sourceTree = "<group>"; };
		3A82511327E7438B002A1776 /* StoreCell.swift */ = {isa = PBXFileReference; lastKnownFileType = sourcecode.swift; path = StoreCell.swift; sourceTree = "<group>"; };
		3A82511727E74BE0002A1776 /* Delivery1View.swift */ = {isa = PBXFileReference; lastKnownFileType = sourcecode.swift; path = Delivery1View.swift; sourceTree = "<group>"; };
		3A97156C27E2F34700161EBC /* MainHeader.swift */ = {isa = PBXFileReference; lastKnownFileType = sourcecode.swift; path = MainHeader.swift; sourceTree = "<group>"; };
		3A97156E27E300B300161EBC /* MainHeaderCell.swift */ = {isa = PBXFileReference; lastKnownFileType = sourcecode.swift; path = MainHeaderCell.swift; sourceTree = "<group>"; };
		3AF6A12527E2064200E93B45 /* baemin.app */ = {isa = PBXFileReference; explicitFileType = wrapper.application; includeInIndex = 0; path = baemin.app; sourceTree = BUILT_PRODUCTS_DIR; };
		3AF6A12827E2064200E93B45 /* AppDelegate.swift */ = {isa = PBXFileReference; lastKnownFileType = sourcecode.swift; path = AppDelegate.swift; sourceTree = "<group>"; };
		3AF6A12A27E2064200E93B45 /* SceneDelegate.swift */ = {isa = PBXFileReference; lastKnownFileType = sourcecode.swift; path = SceneDelegate.swift; sourceTree = "<group>"; };
		3AF6A12C27E2064200E93B45 /* MainView.swift */ = {isa = PBXFileReference; lastKnownFileType = sourcecode.swift; path = MainView.swift; sourceTree = "<group>"; };
		3AF6A12F27E2064200E93B45 /* Base */ = {isa = PBXFileReference; lastKnownFileType = file.storyboard; name = Base; path = Base.lproj/Main.storyboard; sourceTree = "<group>"; };
		3AF6A13127E2064300E93B45 /* Assets.xcassets */ = {isa = PBXFileReference; lastKnownFileType = folder.assetcatalog; path = Assets.xcassets; sourceTree = "<group>"; };
		3AF6A13427E2064300E93B45 /* Base */ = {isa = PBXFileReference; lastKnownFileType = file.storyboard; name = Base; path = Base.lproj/LaunchScreen.storyboard; sourceTree = "<group>"; };
		3AF6A13627E2064300E93B45 /* Info.plist */ = {isa = PBXFileReference; lastKnownFileType = text.plist.xml; path = Info.plist; sourceTree = "<group>"; };
		3AF6A14127E2186F00E93B45 /* .swiftlint.yml */ = {isa = PBXFileReference; lastKnownFileType = text.yaml; path = .swiftlint.yml; sourceTree = "<group>"; };
		3AF6A14327E220CF00E93B45 /* MainCell.swift */ = {isa = PBXFileReference; lastKnownFileType = sourcecode.swift; path = MainCell.swift; sourceTree = "<group>"; };
		3AF6A14527E24B0800E93B45 /* delivery1.storyboard */ = {isa = PBXFileReference; lastKnownFileType = file.storyboard; path = delivery1.storyboard; sourceTree = "<group>"; };
		77DB0E8D7074744BA12F8574 /* Pods_baemin.framework */ = {isa = PBXFileReference; explicitFileType = wrapper.framework; includeInIndex = 0; path = Pods_baemin.framework; sourceTree = BUILT_PRODUCTS_DIR; };
		C06A1277E1FB802E52429EFB /* Pods-baemin.release.xcconfig */ = {isa = PBXFileReference; includeInIndex = 1; lastKnownFileType = text.xcconfig; name = "Pods-baemin.release.xcconfig"; path = "Target Support Files/Pods-baemin/Pods-baemin.release.xcconfig"; sourceTree = "<group>"; };
		EFE868FA022DE8ED25CA42D9 /* Pods-baemin.debug.xcconfig */ = {isa = PBXFileReference; includeInIndex = 1; lastKnownFileType = text.xcconfig; name = "Pods-baemin.debug.xcconfig"; path = "Target Support Files/Pods-baemin/Pods-baemin.debug.xcconfig"; sourceTree = "<group>"; };
/* End PBXFileReference section */

/* Begin PBXFrameworksBuildPhase section */
		3AF6A12227E2064200E93B45 /* Frameworks */ = {
			isa = PBXFrameworksBuildPhase;
			buildActionMask = 2147483647;
			files = (
				AE5535579373122EDDC344FD /* Pods_baemin.framework in Frameworks */,
			);
			runOnlyForDeploymentPostprocessing = 0;
		};
/* End PBXFrameworksBuildPhase section */

/* Begin PBXGroup section */
		3A82510C27E74280002A1776 /* main */ = {
			isa = PBXGroup;
			children = (
				3AF6A12C27E2064200E93B45 /* MainView.swift */,
				3AF6A14327E220CF00E93B45 /* MainCell.swift */,
				3A97156C27E2F34700161EBC /* MainHeader.swift */,
				3A97156E27E300B300161EBC /* MainHeaderCell.swift */,
				3AF6A12E27E2064200E93B45 /* Main.storyboard */,
			);
			path = main;
			sourceTree = "<group>";
		};
		3A82511927E75622002A1776 /* util */ = {
			isa = PBXGroup;
			children = (
			);
			path = util;
			sourceTree = "<group>";
		};
		3AF6A11C27E2064200E93B45 = {
			isa = PBXGroup;
			children = (
				3AF6A14127E2186F00E93B45 /* .swiftlint.yml */,
				3AF6A12727E2064200E93B45 /* baemin */,
				3AF6A12627E2064200E93B45 /* Products */,
				3D4C169A48483D0A16E81781 /* Pods */,
				A80BD8ADDBE009AC030524E5 /* Frameworks */,
			);
			sourceTree = "<group>";
		};
		3AF6A12627E2064200E93B45 /* Products */ = {
			isa = PBXGroup;
			children = (
				3AF6A12527E2064200E93B45 /* baemin.app */,
			);
			name = Products;
			sourceTree = "<group>";
		};
		3AF6A12727E2064200E93B45 /* baemin */ = {
			isa = PBXGroup;
			children = (
				3A82511927E75622002A1776 /* util */,
				3A82510C27E74280002A1776 /* main */,
				3AF6A13D27E206BA00E93B45 /* delivery */,
				3AF6A13C27E206B100E93B45 /* delivery1 */,
				3AF6A12827E2064200E93B45 /* AppDelegate.swift */,
				3AF6A12A27E2064200E93B45 /* SceneDelegate.swift */,
				3AF6A13127E2064300E93B45 /* Assets.xcassets */,
				3AF6A13327E2064300E93B45 /* LaunchScreen.storyboard */,
				3AF6A13627E2064300E93B45 /* Info.plist */,
			);
			path = baemin;
			sourceTree = "<group>";
		};
		3AF6A13C27E206B100E93B45 /* delivery1 */ = {
			isa = PBXGroup;
			children = (
				3A82511727E74BE0002A1776 /* Delivery1View.swift */,
				3AF6A14527E24B0800E93B45 /* delivery1.storyboard */,
				3AF6A13F27E206E700E93B45 /* cell */,
				3AF6A13E27E206E000E93B45 /* header */,
			);
			path = delivery1;
			sourceTree = "<group>";
		};
		3AF6A13D27E206BA00E93B45 /* delivery */ = {
			isa = PBXGroup;
			children = (
			);
			path = delivery;
			sourceTree = "<group>";
		};
		3AF6A13E27E206E000E93B45 /* header */ = {
			isa = PBXGroup;
			children = (
			);
			path = header;
			sourceTree = "<group>";
		};
		3AF6A13F27E206E700E93B45 /* cell */ = {
			isa = PBXGroup;
			children = (
				3A82510D27E7435D002A1776 /* MenuCell.swift */,
				3A82510F27E7436E002A1776 /* BannerCell.swift */,
				3A82511127E7437E002A1776 /* BestCell.swift */,
				3A82511327E7438B002A1776 /* StoreCell.swift */,
			);
			path = cell;
			sourceTree = "<group>";
		};
		3D4C169A48483D0A16E81781 /* Pods */ = {
			isa = PBXGroup;
			children = (
				EFE868FA022DE8ED25CA42D9 /* Pods-baemin.debug.xcconfig */,
				C06A1277E1FB802E52429EFB /* Pods-baemin.release.xcconfig */,
			);
			path = Pods;
			sourceTree = "<group>";
		};
		A80BD8ADDBE009AC030524E5 /* Frameworks */ = {
			isa = PBXGroup;
			children = (
				77DB0E8D7074744BA12F8574 /* Pods_baemin.framework */,
			);
			name = Frameworks;
			sourceTree = "<group>";
		};
/* End PBXGroup section */

/* Begin PBXNativeTarget section */
		3AF6A12427E2064200E93B45 /* baemin */ = {
			isa = PBXNativeTarget;
			buildConfigurationList = 3AF6A13927E2064300E93B45 /* Build configuration list for PBXNativeTarget "baemin" */;
			buildPhases = (
				D035869E28CBB2BEAA6C877C /* [CP] Check Pods Manifest.lock */,
				3AF6A14027E2178300E93B45 /* SwiftLint Script */,
				3AF6A12127E2064200E93B45 /* Sources */,
				3AF6A12227E2064200E93B45 /* Frameworks */,
				3AF6A12327E2064200E93B45 /* Resources */,
			);
			buildRules = (
			);
			dependencies = (
			);
			name = baemin;
			productName = baemin;
			productReference = 3AF6A12527E2064200E93B45 /* baemin.app */;
			productType = "com.apple.product-type.application";
		};
/* End PBXNativeTarget section */

/* Begin PBXProject section */
		3AF6A11D27E2064200E93B45 /* Project object */ = {
			isa = PBXProject;
			attributes = {
				BuildIndependentTargetsInParallel = 1;
				LastSwiftUpdateCheck = 1320;
				LastUpgradeCheck = 1320;
				TargetAttributes = {
					3AF6A12427E2064200E93B45 = {
						CreatedOnToolsVersion = 13.2.1;
					};
				};
			};
			buildConfigurationList = 3AF6A12027E2064200E93B45 /* Build configuration list for PBXProject "baemin" */;
			compatibilityVersion = "Xcode 13.0";
			developmentRegion = en;
			hasScannedForEncodings = 0;
			knownRegions = (
				en,
				Base,
			);
			mainGroup = 3AF6A11C27E2064200E93B45;
			productRefGroup = 3AF6A12627E2064200E93B45 /* Products */;
			projectDirPath = "";
			projectRoot = "";
			targets = (
				3AF6A12427E2064200E93B45 /* baemin */,
			);
		};
/* End PBXProject section */

/* Begin PBXResourcesBuildPhase section */
		3AF6A12327E2064200E93B45 /* Resources */ = {
			isa = PBXResourcesBuildPhase;
			buildActionMask = 2147483647;
			files = (
				3AF6A14227E2186F00E93B45 /* .swiftlint.yml in Resources */,
				3AF6A14627E24B0800E93B45 /* delivery1.storyboard in Resources */,
				3AF6A13527E2064300E93B45 /* LaunchScreen.storyboard in Resources */,
				3AF6A13227E2064300E93B45 /* Assets.xcassets in Resources */,
				3AF6A13027E2064200E93B45 /* Main.storyboard in Resources */,
			);
			runOnlyForDeploymentPostprocessing = 0;
		};
/* End PBXResourcesBuildPhase section */

/* Begin PBXShellScriptBuildPhase section */
		3AF6A14027E2178300E93B45 /* SwiftLint Script */ = {
			isa = PBXShellScriptBuildPhase;
			buildActionMask = 2147483647;
			files = (
			);
			inputFileListPaths = (
			);
			inputPaths = (
			);
			name = "SwiftLint Script";
			outputFileListPaths = (
			);
			outputPaths = (
			);
			runOnlyForDeploymentPostprocessing = 0;
			shellPath = /bin/sh;
			shellScript = "# Type a script or drag a script file from your workspace to insert its path.\n${PODS_ROOT}/SwiftLint/swiftlint\n";
		};
		D035869E28CBB2BEAA6C877C /* [CP] Check Pods Manifest.lock */ = {
			isa = PBXShellScriptBuildPhase;
			buildActionMask = 2147483647;
			files = (
			);
			inputFileListPaths = (
			);
			inputPaths = (
				"${PODS_PODFILE_DIR_PATH}/Podfile.lock",
				"${PODS_ROOT}/Manifest.lock",
			);
			name = "[CP] Check Pods Manifest.lock";
			outputFileListPaths = (
			);
			outputPaths = (
				"$(DERIVED_FILE_DIR)/Pods-baemin-checkManifestLockResult.txt",
			);
			runOnlyForDeploymentPostprocessing = 0;
			shellPath = /bin/sh;
			shellScript = "diff \"${PODS_PODFILE_DIR_PATH}/Podfile.lock\" \"${PODS_ROOT}/Manifest.lock\" > /dev/null\nif [ $? != 0 ] ; then\n    # print error to STDERR\n    echo \"error: The sandbox is not in sync with the Podfile.lock. Run 'pod install' or update your CocoaPods installation.\" >&2\n    exit 1\nfi\n# This output is used by Xcode 'outputs' to avoid re-running this script phase.\necho \"SUCCESS\" > \"${SCRIPT_OUTPUT_FILE_0}\"\n";
			showEnvVarsInLog = 0;
		};
/* End PBXShellScriptBuildPhase section */

/* Begin PBXSourcesBuildPhase section */
		3AF6A12127E2064200E93B45 /* Sources */ = {
			isa = PBXSourcesBuildPhase;
			buildActionMask = 2147483647;
			files = (
				3A82510E27E7435D002A1776 /* MenuCell.swift in Sources */,
				3A82511427E7438B002A1776 /* StoreCell.swift in Sources */,
				3A82511227E7437E002A1776 /* BestCell.swift in Sources */,
				3A82511027E7436E002A1776 /* BannerCell.swift in Sources */,
				3A97156D27E2F34700161EBC /* MainHeader.swift in Sources */,
				3AF6A12D27E2064200E93B45 /* MainView.swift in Sources */,
				3AF6A12927E2064200E93B45 /* AppDelegate.swift in Sources */,
				3A97156F27E300B300161EBC /* MainHeaderCell.swift in Sources */,
				3AF6A14427E220CF00E93B45 /* MainCell.swift in Sources */,
				3AF6A12B27E2064200E93B45 /* SceneDelegate.swift in Sources */,
				3A82511827E74BE0002A1776 /* Delivery1View.swift in Sources */,
			);
			runOnlyForDeploymentPostprocessing = 0;
		};
/* End PBXSourcesBuildPhase section */

/* Begin PBXVariantGroup section */
		3AF6A12E27E2064200E93B45 /* Main.storyboard */ = {
			isa = PBXVariantGroup;
			children = (
				3AF6A12F27E2064200E93B45 /* Base */,
			);
			name = Main.storyboard;
			sourceTree = "<group>";
		};
		3AF6A13327E2064300E93B45 /* LaunchScreen.storyboard */ = {
			isa = PBXVariantGroup;
			children = (
				3AF6A13427E2064300E93B45 /* Base */,
			);
			name = LaunchScreen.storyboard;
			sourceTree = "<group>";
		};
/* End PBXVariantGroup section */

/* Begin XCBuildConfiguration section */
		3AF6A13727E2064300E93B45 /* Debug */ = {
			isa = XCBuildConfiguration;
			buildSettings = {
				ALWAYS_SEARCH_USER_PATHS = NO;
				CLANG_ANALYZER_NONNULL = YES;
				CLANG_ANALYZER_NUMBER_OBJECT_CONVERSION = YES_AGGRESSIVE;
				CLANG_CXX_LANGUAGE_STANDARD = "gnu++17";
				CLANG_CXX_LIBRARY = "libc++";
				CLANG_ENABLE_MODULES = YES;
				CLANG_ENABLE_OBJC_ARC = YES;
				CLANG_ENABLE_OBJC_WEAK = YES;
				CLANG_WARN_BLOCK_CAPTURE_AUTORELEASING = YES;
				CLANG_WARN_BOOL_CONVERSION = YES;
				CLANG_WARN_COMMA = YES;
				CLANG_WARN_CONSTANT_CONVERSION = YES;
				CLANG_WARN_DEPRECATED_OBJC_IMPLEMENTATIONS = YES;
				CLANG_WARN_DIRECT_OBJC_ISA_USAGE = YES_ERROR;
				CLANG_WARN_DOCUMENTATION_COMMENTS = YES;
				CLANG_WARN_EMPTY_BODY = YES;
				CLANG_WARN_ENUM_CONVERSION = YES;
				CLANG_WARN_INFINITE_RECURSION = YES;
				CLANG_WARN_INT_CONVERSION = YES;
				CLANG_WARN_NON_LITERAL_NULL_CONVERSION = YES;
				CLANG_WARN_OBJC_IMPLICIT_RETAIN_SELF = YES;
				CLANG_WARN_OBJC_LITERAL_CONVERSION = YES;
				CLANG_WARN_OBJC_ROOT_CLASS = YES_ERROR;
				CLANG_WARN_QUOTED_INCLUDE_IN_FRAMEWORK_HEADER = YES;
				CLANG_WARN_RANGE_LOOP_ANALYSIS = YES;
				CLANG_WARN_STRICT_PROTOTYPES = YES;
				CLANG_WARN_SUSPICIOUS_MOVE = YES;
				CLANG_WARN_UNGUARDED_AVAILABILITY = YES_AGGRESSIVE;
				CLANG_WARN_UNREACHABLE_CODE = YES;
				CLANG_WARN__DUPLICATE_METHOD_MATCH = YES;
				COPY_PHASE_STRIP = NO;
				DEBUG_INFORMATION_FORMAT = dwarf;
				ENABLE_STRICT_OBJC_MSGSEND = YES;
				ENABLE_TESTABILITY = YES;
				GCC_C_LANGUAGE_STANDARD = gnu11;
				GCC_DYNAMIC_NO_PIC = NO;
				GCC_NO_COMMON_BLOCKS = YES;
				GCC_OPTIMIZATION_LEVEL = 0;
				GCC_PREPROCESSOR_DEFINITIONS = (
					"DEBUG=1",
					"$(inherited)",
				);
				GCC_WARN_64_TO_32_BIT_CONVERSION = YES;
				GCC_WARN_ABOUT_RETURN_TYPE = YES_ERROR;
				GCC_WARN_UNDECLARED_SELECTOR = YES;
				GCC_WARN_UNINITIALIZED_AUTOS = YES_AGGRESSIVE;
				GCC_WARN_UNUSED_FUNCTION = YES;
				GCC_WARN_UNUSED_VARIABLE = YES;
				IPHONEOS_DEPLOYMENT_TARGET = 15.2;
				MTL_ENABLE_DEBUG_INFO = INCLUDE_SOURCE;
				MTL_FAST_MATH = YES;
				ONLY_ACTIVE_ARCH = YES;
				SDKROOT = iphoneos;
				SWIFT_ACTIVE_COMPILATION_CONDITIONS = DEBUG;
				SWIFT_OPTIMIZATION_LEVEL = "-Onone";
			};
			name = Debug;
		};
		3AF6A13827E2064300E93B45 /* Release */ = {
			isa = XCBuildConfiguration;
			buildSettings = {
				ALWAYS_SEARCH_USER_PATHS = NO;
				CLANG_ANALYZER_NONNULL = YES;
				CLANG_ANALYZER_NUMBER_OBJECT_CONVERSION = YES_AGGRESSIVE;
				CLANG_CXX_LANGUAGE_STANDARD = "gnu++17";
				CLANG_CXX_LIBRARY = "libc++";
				CLANG_ENABLE_MODULES = YES;
				CLANG_ENABLE_OBJC_ARC = YES;
				CLANG_ENABLE_OBJC_WEAK = YES;
				CLANG_WARN_BLOCK_CAPTURE_AUTORELEASING = YES;
				CLANG_WARN_BOOL_CONVERSION = YES;
				CLANG_WARN_COMMA = YES;
				CLANG_WARN_CONSTANT_CONVERSION = YES;
				CLANG_WARN_DEPRECATED_OBJC_IMPLEMENTATIONS = YES;
				CLANG_WARN_DIRECT_OBJC_ISA_USAGE = YES_ERROR;
				CLANG_WARN_DOCUMENTATION_COMMENTS = YES;
				CLANG_WARN_EMPTY_BODY = YES;
				CLANG_WARN_ENUM_CONVERSION = YES;
				CLANG_WARN_INFINITE_RECURSION = YES;
				CLANG_WARN_INT_CONVERSION = YES;
				CLANG_WARN_NON_LITERAL_NULL_CONVERSION = YES;
				CLANG_WARN_OBJC_IMPLICIT_RETAIN_SELF = YES;
				CLANG_WARN_OBJC_LITERAL_CONVERSION = YES;
				CLANG_WARN_OBJC_ROOT_CLASS = YES_ERROR;
				CLANG_WARN_QUOTED_INCLUDE_IN_FRAMEWORK_HEADER = YES;
				CLANG_WARN_RANGE_LOOP_ANALYSIS = YES;
				CLANG_WARN_STRICT_PROTOTYPES = YES;
				CLANG_WARN_SUSPICIOUS_MOVE = YES;
				CLANG_WARN_UNGUARDED_AVAILABILITY = YES_AGGRESSIVE;
				CLANG_WARN_UNREACHABLE_CODE = YES;
				CLANG_WARN__DUPLICATE_METHOD_MATCH = YES;
				COPY_PHASE_STRIP = NO;
				DEBUG_INFORMATION_FORMAT = "dwarf-with-dsym";
				ENABLE_NS_ASSERTIONS = NO;
				ENABLE_STRICT_OBJC_MSGSEND = YES;
				GCC_C_LANGUAGE_STANDARD = gnu11;
				GCC_NO_COMMON_BLOCKS = YES;
				GCC_WARN_64_TO_32_BIT_CONVERSION = YES;
				GCC_WARN_ABOUT_RETURN_TYPE = YES_ERROR;
				GCC_WARN_UNDECLARED_SELECTOR = YES;
				GCC_WARN_UNINITIALIZED_AUTOS = YES_AGGRESSIVE;
				GCC_WARN_UNUSED_FUNCTION = YES;
				GCC_WARN_UNUSED_VARIABLE = YES;
				IPHONEOS_DEPLOYMENT_TARGET = 15.2;
				MTL_ENABLE_DEBUG_INFO = NO;
				MTL_FAST_MATH = YES;
				SDKROOT = iphoneos;
				SWIFT_COMPILATION_MODE = wholemodule;
				SWIFT_OPTIMIZATION_LEVEL = "-O";
				VALIDATE_PRODUCT = YES;
			};
			name = Release;
		};
		3AF6A13A27E2064300E93B45 /* Debug */ = {
			isa = XCBuildConfiguration;
			baseConfigurationReference = EFE868FA022DE8ED25CA42D9 /* Pods-baemin.debug.xcconfig */;
			buildSettings = {
				ASSETCATALOG_COMPILER_APPICON_NAME = AppIcon;
				ASSETCATALOG_COMPILER_GLOBAL_ACCENT_COLOR_NAME = AccentColor;
				CODE_SIGN_STYLE = Automatic;
				CURRENT_PROJECT_VERSION = 1;
				GENERATE_INFOPLIST_FILE = YES;
				INFOPLIST_FILE = baemin/Info.plist;
				INFOPLIST_KEY_UIApplicationSupportsIndirectInputEvents = YES;
				INFOPLIST_KEY_UILaunchStoryboardName = LaunchScreen;
				INFOPLIST_KEY_UIMainStoryboardFile = Main;
				INFOPLIST_KEY_UISupportedInterfaceOrientations = UIInterfaceOrientationPortrait;
				INFOPLIST_KEY_UISupportedInterfaceOrientations_iPad = "UIInterfaceOrientationPortrait UIInterfaceOrientationPortraitUpsideDown UIInterfaceOrientationLandscapeLeft UIInterfaceOrientationLandscapeRight";
				INFOPLIST_KEY_UISupportedInterfaceOrientations_iPhone = "UIInterfaceOrientationPortrait UIInterfaceOrientationLandscapeLeft UIInterfaceOrientationLandscapeRight";
				LD_RUNPATH_SEARCH_PATHS = (
					"$(inherited)",
					"@executable_path/Frameworks",
				);
				MARKETING_VERSION = 1.0;
				PRODUCT_BUNDLE_IDENTIFIER = "g-mi.baemin";
				PRODUCT_NAME = "$(TARGET_NAME)";
				SWIFT_EMIT_LOC_STRINGS = YES;
				SWIFT_VERSION = 5.0;
				TARGETED_DEVICE_FAMILY = 1;
			};
			name = Debug;
		};
		3AF6A13B27E2064300E93B45 /* Release */ = {
			isa = XCBuildConfiguration;
			baseConfigurationReference = C06A1277E1FB802E52429EFB /* Pods-baemin.release.xcconfig */;
			buildSettings = {
				ASSETCATALOG_COMPILER_APPICON_NAME = AppIcon;
				ASSETCATALOG_COMPILER_GLOBAL_ACCENT_COLOR_NAME = AccentColor;
				CODE_SIGN_STYLE = Automatic;
				CURRENT_PROJECT_VERSION = 1;
				GENERATE_INFOPLIST_FILE = YES;
				INFOPLIST_FILE = baemin/Info.plist;
				INFOPLIST_KEY_UIApplicationSupportsIndirectInputEvents = YES;
				INFOPLIST_KEY_UILaunchStoryboardName = LaunchScreen;
				INFOPLIST_KEY_UIMainStoryboardFile = Main;
				INFOPLIST_KEY_UISupportedInterfaceOrientations = UIInterfaceOrientationPortrait;
				INFOPLIST_KEY_UISupportedInterfaceOrientations_iPad = "UIInterfaceOrientationPortrait UIInterfaceOrientationPortraitUpsideDown UIInterfaceOrientationLandscapeLeft UIInterfaceOrientationLandscapeRight";
				INFOPLIST_KEY_UISupportedInterfaceOrientations_iPhone = "UIInterfaceOrientationPortrait UIInterfaceOrientationLandscapeLeft UIInterfaceOrientationLandscapeRight";
				LD_RUNPATH_SEARCH_PATHS = (
					"$(inherited)",
					"@executable_path/Frameworks",
				);
				MARKETING_VERSION = 1.0;
				PRODUCT_BUNDLE_IDENTIFIER = "g-mi.baemin";
				PRODUCT_NAME = "$(TARGET_NAME)";
				SWIFT_EMIT_LOC_STRINGS = YES;
				SWIFT_VERSION = 5.0;
				TARGETED_DEVICE_FAMILY = 1;
			};
			name = Release;
		};
/* End XCBuildConfiguration section */

/* Begin XCConfigurationList section */
		3AF6A12027E2064200E93B45 /* Build configuration list for PBXProject "baemin" */ = {
			isa = XCConfigurationList;
			buildConfigurations = (
				3AF6A13727E2064300E93B45 /* Debug */,
				3AF6A13827E2064300E93B45 /* Release */,
			);
			defaultConfigurationIsVisible = 0;
			defaultConfigurationName = Release;
		};
		3AF6A13927E2064300E93B45 /* Build configuration list for PBXNativeTarget "baemin" */ = {
			isa = XCConfigurationList;
			buildConfigurations = (
				3AF6A13A27E2064300E93B45 /* Debug */,
				3AF6A13B27E2064300E93B45 /* Release */,
			);
			defaultConfigurationIsVisible = 0;
			defaultConfigurationName = Release;
		};
/* End XCConfigurationList section */
	};
	rootObject = 3AF6A11D27E2064200E93B45 /* Project object */;
}
