PODS:
  - AlignedCollectionViewFlowLayout (1.1.2)

DEPENDENCIES:
  - AlignedCollectionViewFlowLayout

SPEC REPOS:
  trunk:
    - AlignedCollectionViewFlowLayout

SPEC CHECKSUMS:
  AlignedCollectionViewFlowLayout: ee2ef451e741ec08f8e0967d828001e2f051c20a

PODFILE CHECKSUM: 0ec5b83a5657f014cfb602035af9feec639c336b

COCOAPODS: 1.11.3
