// !$*UTF8*$!
{
	archiveVersion = 1;
	classes = {
	};
	objectVersion = 55;
	objects = {

/* Begin PBXBuildFile section */
		3A3D97D4288AC2070035A8DA /* AppDelegate.swift in Sources */ = {isa = PBXBuildFile; fileRef = 3A3D97D3288AC2070035A8DA /* AppDelegate.swift */; };
		3A3D97D6288AC2070035A8DA /* SceneDelegate.swift in Sources */ = {isa = PBXBuildFile; fileRef = 3A3D97D5288AC2070035A8DA /* SceneDelegate.swift */; };
		3A3D97D8288AC2070035A8DA /* ViewController.swift in Sources */ = {isa = PBXBuildFile; fileRef = 3A3D97D7288AC2070035A8DA /* ViewController.swift */; };
		3A3D97DB288AC2070035A8DA /* Main.storyboard in Resources */ = {isa = PBXBuildFile; fileRef = 3A3D97D9288AC2070035A8DA /* Main.storyboard */; };
		3A3D97DD288AC2080035A8DA /* Assets.xcassets in Resources */ = {isa = PBXBuildFile; fileRef = 3A3D97DC288AC2080035A8DA /* Assets.xcassets */; };
		3A3D97E0288AC2080035A8DA /* LaunchScreen.storyboard in Resources */ = {isa = PBXBuildFile; fileRef = 3A3D97DE288AC2080035A8DA /* LaunchScreen.storyboard */; };
		3ACCFD8E28928C2000BFCEC7 /* BarCell.swift in Sources */ = {isa = PBXBuildFile; fileRef = 3ACCFD8D28928C2000BFCEC7 /* BarCell.swift */; };
		3ACCFD90289299B800BFCEC7 /* AlignedCollectionViewFlowLayout.swift in Sources */ = {isa = PBXBuildFile; fileRef = 3ACCFD8F289299B800BFCEC7 /* AlignedCollectionViewFlowLayout.swift */; };
		4205B6622E1B14BDD6856E16 /* Pods_RunningTeam.framework in Frameworks */ = {isa = PBXBuildFile; fileRef = 73FCCAA35D694C992AED8775 /* Pods_RunningTeam.framework */; };
/* End PBXBuildFile section */

/* Begin PBXFileReference section */
		3A3D97D0288AC2070035A8DA /* RunningTeam.app */ = {isa = PBXFileReference; explicitFileType = wrapper.application; includeInIndex = 0; path = RunningTeam.app; sourceTree = BUILT_PRODUCTS_DIR; };
		3A3D97D3288AC2070035A8DA /* AppDelegate.swift */ = {isa = PBXFileReference; lastKnownFileType = sourcecode.swift; path = AppDelegate.swift; sourceTree = "<group>"; };
		3A3D97D5288AC2070035A8DA /* SceneDelegate.swift */ = {isa = PBXFileReference; lastKnownFileType = sourcecode.swift; path = SceneDelegate.swift; sourceTree = "<group>"; };
		3A3D97D7288AC2070035A8DA /* ViewController.swift */ = {isa = PBXFileReference; lastKnownFileType = sourcecode.swift; path = ViewController.swift; sourceTree = "<group>"; };
		3A3D97DA288AC2070035A8DA /* Base */ = {isa = PBXFileReference; lastKnownFileType = file.storyboard; name = Base; path = Base.lproj/Main.storyboard; sourceTree = "<group>"; };
		3A3D97DC288AC2080035A8DA /* Assets.xcassets */ = {isa = PBXFileReference; lastKnownFileType = folder.assetcatalog; path = Assets.xcassets; sourceTree = "<group>"; };
		3A3D97DF288AC2080035A8DA /* Base */ = {isa = PBXFileReference; lastKnownFileType = file.storyboard; name = Base; path = Base.lproj/LaunchScreen.storyboard; sourceTree = "<group>"; };
		3A3D97E1288AC2080035A8DA /* Info.plist */ = {isa = PBXFileReference; lastKnownFileType = text.plist.xml; path = Info.plist; sourceTree = "<group>"; };
		3ACCFD8D28928C2000BFCEC7 /* BarCell.swift */ = {isa = PBXFileReference; lastKnownFileType = sourcecode.swift; path = BarCell.swift; sourceTree = "<group>"; };
		3ACCFD8F289299B800BFCEC7 /* AlignedCollectionViewFlowLayout.swift */ = {isa = PBXFileReference; lastKnownFileType = sourcecode.swift; path = AlignedCollectionViewFlowLayout.swift; sourceTree = "<group>"; };
		73FCCAA35D694C992AED8775 /* Pods_RunningTeam.framework */ = {isa = PBXFileReference; explicitFileType = wrapper.framework; includeInIndex = 0; path = Pods_RunningTeam.framework; sourceTree = BUILT_PRODUCTS_DIR; };
		A8B6A7A7F64333C70B41D6B7 /* Pods-RunningTeam.release.xcconfig */ = {isa = PBXFileReference; includeInIndex = 1; lastKnownFileType = text.xcconfig; name = "Pods-RunningTeam.release.xcconfig"; path = "Target Support Files/Pods-RunningTeam/Pods-RunningTeam.release.xcconfig"; sourceTree = "<group>"; };
		AEBA9C85CA2258115608D2B6 /* Pods-RunningTeam.debug.xcconfig */ = {isa = PBXFileReference; includeInIndex = 1; lastKnownFileType = text.xcconfig; name = "Pods-RunningTeam.debug.xcconfig"; path = "Target Support Files/Pods-RunningTeam/Pods-RunningTeam.debug.xcconfig"; sourceTree = "<group>"; };
/* End PBXFileReference section */

/* Begin PBXFrameworksBuildPhase section */
		3A3D97CD288AC2070035A8DA /* Frameworks */ = {
			isa = PBXFrameworksBuildPhase;
			buildActionMask = 2147483647;
			files = (
				4205B6622E1B14BDD6856E16 /* Pods_RunningTeam.framework in Frameworks */,
			);
			runOnlyForDeploymentPostprocessing = 0;
		};
/* End PBXFrameworksBuildPhase section */

/* Begin PBXGroup section */
		3A3D97C7288AC2070035A8DA = {
			isa = PBXGroup;
			children = (
				3A3D97D2288AC2070035A8DA /* RunningTeam */,
				3A3D97D1288AC2070035A8DA /* Products */,
				5A46831EC1F2BB7C04A61091 /* Pods */,
				7AA97CA48B7C50635266F522 /* Frameworks */,
			);
			sourceTree = "<group>";
		};
		3A3D97D1288AC2070035A8DA /* Products */ = {
			isa = PBXGroup;
			children = (
				3A3D97D0288AC2070035A8DA /* RunningTeam.app */,
			);
			name = Products;
			sourceTree = "<group>";
		};
		3A3D97D2288AC2070035A8DA /* RunningTeam */ = {
			isa = PBXGroup;
			children = (
				3A3D97E7288AC2280035A8DA /* Scene */,
				3A3D97D3288AC2070035A8DA /* AppDelegate.swift */,
				3A3D97D5288AC2070035A8DA /* SceneDelegate.swift */,
				3A3D97DC288AC2080035A8DA /* Assets.xcassets */,
				3A3D97DE288AC2080035A8DA /* LaunchScreen.storyboard */,
				3A3D97E1288AC2080035A8DA /* Info.plist */,
				3ACCFD8F289299B800BFCEC7 /* AlignedCollectionViewFlowLayout.swift */,
			);
			path = RunningTeam;
			sourceTree = "<group>";
		};
		3A3D97E7288AC2280035A8DA /* Scene */ = {
			isa = PBXGroup;
			children = (
				3A3D97D9288AC2070035A8DA /* Main.storyboard */,
				3A3D97D7288AC2070035A8DA /* ViewController.swift */,
				3ACCFD8D28928C2000BFCEC7 /* BarCell.swift */,
			);
			path = Scene;
			sourceTree = "<group>";
		};
		5A46831EC1F2BB7C04A61091 /* Pods */ = {
			isa = PBXGroup;
			children = (
				AEBA9C85CA2258115608D2B6 /* Pods-RunningTeam.debug.xcconfig */,
				A8B6A7A7F64333C70B41D6B7 /* Pods-RunningTeam.release.xcconfig */,
			);
			path = Pods;
			sourceTree = "<group>";
		};
		7AA97CA48B7C50635266F522 /* Frameworks */ = {
			isa = PBXGroup;
			children = (
				73FCCAA35D694C992AED8775 /* Pods_RunningTeam.framework */,
			);
			name = Frameworks;
			sourceTree = "<group>";
		};
/* End PBXGroup section */

/* Begin PBXNativeTarget section */
		3A3D97CF288AC2070035A8DA /* RunningTeam */ = {
			isa = PBXNativeTarget;
			buildConfigurationList = 3A3D97E4288AC2080035A8DA /* Build configuration list for PBXNativeTarget "RunningTeam" */;
			buildPhases = (
				E99678B1F266E9ED3F8F97AA /* [CP] Check Pods Manifest.lock */,
				3A3D97CC288AC2070035A8DA /* Sources */,
				3A3D97CD288AC2070035A8DA /* Frameworks */,
				3A3D97CE288AC2070035A8DA /* Resources */,
				506CE1316EE35D767BA307D0 /* [CP] Embed Pods Frameworks */,
			);
			buildRules = (
			);
			dependencies = (
			);
			name = RunningTeam;
			productName = RunningTeam;
			productReference = 3A3D97D0288AC2070035A8DA /* RunningTeam.app */;
			productType = "com.apple.product-type.application";
		};
/* End PBXNativeTarget section */

/* Begin PBXProject section */
		3A3D97C8288AC2070035A8DA /* Project object */ = {
			isa = PBXProject;
			attributes = {
				BuildIndependentTargetsInParallel = 1;
				LastSwiftUpdateCheck = 1340;
				LastUpgradeCheck = 1340;
				TargetAttributes = {
					3A3D97CF288AC2070035A8DA = {
						CreatedOnToolsVersion = 13.4.1;
					};
				};
			};
			buildConfigurationList = 3A3D97CB288AC2070035A8DA /* Build configuration list for PBXProject "RunningTeam" */;
			compatibilityVersion = "Xcode 13.0";
			developmentRegion = en;
			hasScannedForEncodings = 0;
			knownRegions = (
				en,
				Base,
			);
			mainGroup = 3A3D97C7288AC2070035A8DA;
			productRefGroup = 3A3D97D1288AC2070035A8DA /* Products */;
			projectDirPath = "";
			projectRoot = "";
			targets = (
				3A3D97CF288AC2070035A8DA /* RunningTeam */,
			);
		};
/* End PBXProject section */

/* Begin PBXResourcesBuildPhase section */
		3A3D97CE288AC2070035A8DA /* Resources */ = {
			isa = PBXResourcesBuildPhase;
			buildActionMask = 2147483647;
			files = (
				3A3D97E0288AC2080035A8DA /* LaunchScreen.storyboard in Resources */,
				3A3D97DD288AC2080035A8DA /* Assets.xcassets in Resources */,
				3A3D97DB288AC2070035A8DA /* Main.storyboard in Resources */,
			);
			runOnlyForDeploymentPostprocessing = 0;
		};
/* End PBXResourcesBuildPhase section */

/* Begin PBXShellScriptBuildPhase section */
		506CE1316EE35D767BA307D0 /* [CP] Embed Pods Frameworks */ = {
			isa = PBXShellScriptBuildPhase;
			buildActionMask = 2147483647;
			files = (
			);
			inputFileListPaths = (
				"${PODS_ROOT}/Target Support Files/Pods-RunningTeam/Pods-RunningTeam-frameworks-${CONFIGURATION}-input-files.xcfilelist",
			);
			name = "[CP] Embed Pods Frameworks";
			outputFileListPaths = (
				"${PODS_ROOT}/Target Support Files/Pods-RunningTeam/Pods-RunningTeam-frameworks-${CONFIGURATION}-output-files.xcfilelist",
			);
			runOnlyForDeploymentPostprocessing = 0;
			shellPath = /bin/sh;
			shellScript = "\"${PODS_ROOT}/Target Support Files/Pods-RunningTeam/Pods-RunningTeam-frameworks.sh\"\n";
			showEnvVarsInLog = 0;
		};
		E99678B1F266E9ED3F8F97AA /* [CP] Check Pods Manifest.lock */ = {
			isa = PBXShellScriptBuildPhase;
			buildActionMask = 2147483647;
			files = (
			);
			inputFileListPaths = (
			);
			inputPaths = (
				"${PODS_PODFILE_DIR_PATH}/Podfile.lock",
				"${PODS_ROOT}/Manifest.lock",
			);
			name = "[CP] Check Pods Manifest.lock";
			outputFileListPaths = (
			);
			outputPaths = (
				"$(DERIVED_FILE_DIR)/Pods-RunningTeam-checkManifestLockResult.txt",
			);
			runOnlyForDeploymentPostprocessing = 0;
			shellPath = /bin/sh;
			shellScript = "diff \"${PODS_PODFILE_DIR_PATH}/Podfile.lock\" \"${PODS_ROOT}/Manifest.lock\" > /dev/null\nif [ $? != 0 ] ; then\n    # print error to STDERR\n    echo \"error: The sandbox is not in sync with the Podfile.lock. Run 'pod install' or update your CocoaPods installation.\" >&2\n    exit 1\nfi\n# This output is used by Xcode 'outputs' to avoid re-running this script phase.\necho \"SUCCESS\" > \"${SCRIPT_OUTPUT_FILE_0}\"\n";
			showEnvVarsInLog = 0;
		};
/* End PBXShellScriptBuildPhase section */

/* Begin PBXSourcesBuildPhase section */
		3A3D97CC288AC2070035A8DA /* Sources */ = {
			isa = PBXSourcesBuildPhase;
			buildActionMask = 2147483647;
			files = (
				3A3D97D8288AC2070035A8DA /* ViewController.swift in Sources */,
				3ACCFD8E28928C2000BFCEC7 /* BarCell.swift in Sources */,
				3A3D97D4288AC2070035A8DA /* AppDelegate.swift in Sources */,
				3ACCFD90289299B800BFCEC7 /* AlignedCollectionViewFlowLayout.swift in Sources */,
				3A3D97D6288AC2070035A8DA /* SceneDelegate.swift in Sources */,
			);
			runOnlyForDeploymentPostprocessing = 0;
		};
/* End PBXSourcesBuildPhase section */

/* Begin PBXVariantGroup section */
		3A3D97D9288AC2070035A8DA /* Main.storyboard */ = {
			isa = PBXVariantGroup;
			children = (
				3A3D97DA288AC2070035A8DA /* Base */,
			);
			name = Main.storyboard;
			sourceTree = "<group>";
		};
		3A3D97DE288AC2080035A8DA /* LaunchScreen.storyboard */ = {
			isa = PBXVariantGroup;
			children = (
				3A3D97DF288AC2080035A8DA /* Base */,
			);
			name = LaunchScreen.storyboard;
			sourceTree = "<group>";
		};
/* End PBXVariantGroup section */

/* Begin XCBuildConfiguration section */
		3A3D97E2288AC2080035A8DA /* Debug */ = {
			isa = XCBuildConfiguration;
			buildSettings = {
				ALWAYS_SEARCH_USER_PATHS = NO;
				CLANG_ANALYZER_NONNULL = YES;
				CLANG_ANALYZER_NUMBER_OBJECT_CONVERSION = YES_AGGRESSIVE;
				CLANG_CXX_LANGUAGE_STANDARD = "gnu++17";
				CLANG_ENABLE_MODULES = YES;
				CLANG_ENABLE_OBJC_ARC = YES;
				CLANG_ENABLE_OBJC_WEAK = YES;
				CLANG_WARN_BLOCK_CAPTURE_AUTORELEASING = YES;
				CLANG_WARN_BOOL_CONVERSION = YES;
				CLANG_WARN_COMMA = YES;
				CLANG_WARN_CONSTANT_CONVERSION = YES;
				CLANG_WARN_DEPRECATED_OBJC_IMPLEMENTATIONS = YES;
				CLANG_WARN_DIRECT_OBJC_ISA_USAGE = YES_ERROR;
				CLANG_WARN_DOCUMENTATION_COMMENTS = YES;
				CLANG_WARN_EMPTY_BODY = YES;
				CLANG_WARN_ENUM_CONVERSION = YES;
				CLANG_WARN_INFINITE_RECURSION = YES;
				CLANG_WARN_INT_CONVERSION = YES;
				CLANG_WARN_NON_LITERAL_NULL_CONVERSION = YES;
				CLANG_WARN_OBJC_IMPLICIT_RETAIN_SELF = YES;
				CLANG_WARN_OBJC_LITERAL_CONVERSION = YES;
				CLANG_WARN_OBJC_ROOT_CLASS = YES_ERROR;
				CLANG_WARN_QUOTED_INCLUDE_IN_FRAMEWORK_HEADER = YES;
				CLANG_WARN_RANGE_LOOP_ANALYSIS = YES;
				CLANG_WARN_STRICT_PROTOTYPES = YES;
				CLANG_WARN_SUSPICIOUS_MOVE = YES;
				CLANG_WARN_UNGUARDED_AVAILABILITY = YES_AGGRESSIVE;
				CLANG_WARN_UNREACHABLE_CODE = YES;
				CLANG_WARN__DUPLICATE_METHOD_MATCH = YES;
				COPY_PHASE_STRIP = NO;
				DEBUG_INFORMATION_FORMAT = dwarf;
				ENABLE_STRICT_OBJC_MSGSEND = YES;
				ENABLE_TESTABILITY = YES;
				GCC_C_LANGUAGE_STANDARD = gnu11;
				GCC_DYNAMIC_NO_PIC = NO;
				GCC_NO_COMMON_BLOCKS = YES;
				GCC_OPTIMIZATION_LEVEL = 0;
				GCC_PREPROCESSOR_DEFINITIONS = (
					"DEBUG=1",
					"$(inherited)",
				);
				GCC_WARN_64_TO_32_BIT_CONVERSION = YES;
				GCC_WARN_ABOUT_RETURN_TYPE = YES_ERROR;
				GCC_WARN_UNDECLARED_SELECTOR = YES;
				GCC_WARN_UNINITIALIZED_AUTOS = YES_AGGRESSIVE;
				GCC_WARN_UNUSED_FUNCTION = YES;
				GCC_WARN_UNUSED_VARIABLE = YES;
				IPHONEOS_DEPLOYMENT_TARGET = 15.5;
				MTL_ENABLE_DEBUG_INFO = INCLUDE_SOURCE;
				MTL_FAST_MATH = YES;
				ONLY_ACTIVE_ARCH = YES;
				SDKROOT = iphoneos;
				SWIFT_ACTIVE_COMPILATION_CONDITIONS = DEBUG;
				SWIFT_OPTIMIZATION_LEVEL = "-Onone";
			};
			name = Debug;
		};
		3A3D97E3288AC2080035A8DA /* Release */ = {
			isa = XCBuildConfiguration;
			buildSettings = {
				ALWAYS_SEARCH_USER_PATHS = NO;
				CLANG_ANALYZER_NONNULL = YES;
				CLANG_ANALYZER_NUMBER_OBJECT_CONVERSION = YES_AGGRESSIVE;
				CLANG_CXX_LANGUAGE_STANDARD = "gnu++17";
				CLANG_ENABLE_MODULES = YES;
				CLANG_ENABLE_OBJC_ARC = YES;
				CLANG_ENABLE_OBJC_WEAK = YES;
				CLANG_WARN_BLOCK_CAPTURE_AUTORELEASING = YES;
				CLANG_WARN_BOOL_CONVERSION = YES;
				CLANG_WARN_COMMA = YES;
				CLANG_WARN_CONSTANT_CONVERSION = YES;
				CLANG_WARN_DEPRECATED_OBJC_IMPLEMENTATIONS = YES;
				CLANG_WARN_DIRECT_OBJC_ISA_USAGE = YES_ERROR;
				CLANG_WARN_DOCUMENTATION_COMMENTS = YES;
				CLANG_WARN_EMPTY_BODY = YES;
				CLANG_WARN_ENUM_CONVERSION = YES;
				CLANG_WARN_INFINITE_RECURSION = YES;
				CLANG_WARN_INT_CONVERSION = YES;
				CLANG_WARN_NON_LITERAL_NULL_CONVERSION = YES;
				CLANG_WARN_OBJC_IMPLICIT_RETAIN_SELF = YES;
				CLANG_WARN_OBJC_LITERAL_CONVERSION = YES;
				CLANG_WARN_OBJC_ROOT_CLASS = YES_ERROR;
				CLANG_WARN_QUOTED_INCLUDE_IN_FRAMEWORK_HEADER = YES;
				CLANG_WARN_RANGE_LOOP_ANALYSIS = YES;
				CLANG_WARN_STRICT_PROTOTYPES = YES;
				CLANG_WARN_SUSPICIOUS_MOVE = YES;
				CLANG_WARN_UNGUARDED_AVAILABILITY = YES_AGGRESSIVE;
				CLANG_WARN_UNREACHABLE_CODE = YES;
				CLANG_WARN__DUPLICATE_METHOD_MATCH = YES;
				COPY_PHASE_STRIP = NO;
				DEBUG_INFORMATION_FORMAT = "dwarf-with-dsym";
				ENABLE_NS_ASSERTIONS = NO;
				ENABLE_STRICT_OBJC_MSGSEND = YES;
				GCC_C_LANGUAGE_STANDARD = gnu11;
				GCC_NO_COMMON_BLOCKS = YES;
				GCC_WARN_64_TO_32_BIT_CONVERSION = YES;
				GCC_WARN_ABOUT_RETURN_TYPE = YES_ERROR;
				GCC_WARN_UNDECLARED_SELECTOR = YES;
				GCC_WARN_UNINITIALIZED_AUTOS = YES_AGGRESSIVE;
				GCC_WARN_UNUSED_FUNCTION = YES;
				GCC_WARN_UNUSED_VARIABLE = YES;
				IPHONEOS_DEPLOYMENT_TARGET = 15.5;
				MTL_ENABLE_DEBUG_INFO = NO;
				MTL_FAST_MATH = YES;
				SDKROOT = iphoneos;
				SWIFT_COMPILATION_MODE = wholemodule;
				SWIFT_OPTIMIZATION_LEVEL = "-O";
				VALIDATE_PRODUCT = YES;
			};
			name = Release;
		};
		3A3D97E5288AC2080035A8DA /* Debug */ = {
			isa = XCBuildConfiguration;
			baseConfigurationReference = AEBA9C85CA2258115608D2B6 /* Pods-RunningTeam.debug.xcconfig */;
			buildSettings = {
				ASSETCATALOG_COMPILER_APPICON_NAME = AppIcon;
				ASSETCATALOG_COMPILER_GLOBAL_ACCENT_COLOR_NAME = AccentColor;
				CODE_SIGN_STYLE = Automatic;
				CURRENT_PROJECT_VERSION = 1;
				GENERATE_INFOPLIST_FILE = YES;
				INFOPLIST_FILE = RunningTeam/Info.plist;
				INFOPLIST_KEY_UIApplicationSupportsIndirectInputEvents = YES;
				INFOPLIST_KEY_UILaunchStoryboardName = LaunchScreen;
				INFOPLIST_KEY_UIMainStoryboardFile = Main;
				INFOPLIST_KEY_UISupportedInterfaceOrientations = UIInterfaceOrientationPortrait;
				INFOPLIST_KEY_UISupportedInterfaceOrientations_iPad = "UIInterfaceOrientationPortrait UIInterfaceOrientationPortraitUpsideDown UIInterfaceOrientationLandscapeLeft UIInterfaceOrientationLandscapeRight";
				INFOPLIST_KEY_UISupportedInterfaceOrientations_iPhone = "UIInterfaceOrientationPortrait UIInterfaceOrientationLandscapeLeft UIInterfaceOrientationLandscapeRight";
				LD_RUNPATH_SEARCH_PATHS = (
					"$(inherited)",
					"@executable_path/Frameworks",
				);
				MARKETING_VERSION = 1.0;
				PRODUCT_BUNDLE_IDENTIFIER = "g-mi.RunningTeam";
				PRODUCT_NAME = "$(TARGET_NAME)";
				SWIFT_EMIT_LOC_STRINGS = YES;
				SWIFT_VERSION = 5.0;
				TARGETED_DEVICE_FAMILY = 1;
			};
			name = Debug;
		};
		3A3D97E6288AC2080035A8DA /* Release */ = {
			isa = XCBuildConfiguration;
			baseConfigurationReference = A8B6A7A7F64333C70B41D6B7 /* Pods-RunningTeam.release.xcconfig */;
			buildSettings = {
				ASSETCATALOG_COMPILER_APPICON_NAME = AppIcon;
				ASSETCATALOG_COMPILER_GLOBAL_ACCENT_COLOR_NAME = AccentColor;
				CODE_SIGN_STYLE = Automatic;
				CURRENT_PROJECT_VERSION = 1;
				GENERATE_INFOPLIST_FILE = YES;
				INFOPLIST_FILE = RunningTeam/Info.plist;
				INFOPLIST_KEY_UIApplicationSupportsIndirectInputEvents = YES;
				INFOPLIST_KEY_UILaunchStoryboardName = LaunchScreen;
				INFOPLIST_KEY_UIMainStoryboardFile = Main;
				INFOPLIST_KEY_UISupportedInterfaceOrientations = UIInterfaceOrientationPortrait;
				INFOPLIST_KEY_UISupportedInterfaceOrientations_iPad = "UIInterfaceOrientationPortrait UIInterfaceOrientationPortraitUpsideDown UIInterfaceOrientationLandscapeLeft UIInterfaceOrientationLandscapeRight";
				INFOPLIST_KEY_UISupportedInterfaceOrientations_iPhone = "UIInterfaceOrientationPortrait UIInterfaceOrientationLandscapeLeft UIInterfaceOrientationLandscapeRight";
				LD_RUNPATH_SEARCH_PATHS = (
					"$(inherited)",
					"@executable_path/Frameworks",
				);
				MARKETING_VERSION = 1.0;
				PRODUCT_BUNDLE_IDENTIFIER = "g-mi.RunningTeam";
				PRODUCT_NAME = "$(TARGET_NAME)";
				SWIFT_EMIT_LOC_STRINGS = YES;
				SWIFT_VERSION = 5.0;
				TARGETED_DEVICE_FAMILY = 1;
			};
			name = Release;
		};
/* End XCBuildConfiguration section */

/* Begin XCConfigurationList section */
		3A3D97CB288AC2070035A8DA /* Build configuration list for PBXProject "RunningTeam" */ = {
			isa = XCConfigurationList;
			buildConfigurations = (
				3A3D97E2288AC2080035A8DA /* Debug */,
				3A3D97E3288AC2080035A8DA /* Release */,
			);
			defaultConfigurationIsVisible = 0;
			defaultConfigurationName = Release;
		};
		3A3D97E4288AC2080035A8DA /* Build configuration list for PBXNativeTarget "RunningTeam" */ = {
			isa = XCConfigurationList;
			buildConfigurations = (
				3A3D97E5288AC2080035A8DA /* Debug */,
				3A3D97E6288AC2080035A8DA /* Release */,
			);
			defaultConfigurationIsVisible = 0;
			defaultConfigurationName = Release;
		};
/* End XCConfigurationList section */
	};
	rootObject = 3A3D97C8288AC2070035A8DA /* Project object */;
}
