// !$*UTF8*$!
{
	archiveVersion = 1;
	classes = {
	};
	objectVersion = 55;
	objects = {

/* Begin PBXBuildFile section */
		12BE2E71B4E307ACF71DA718 /* Pods_delivery5.framework in Frameworks */ = {isa = PBXBuildFile; fileRef = 9A3BC3D3132C06674E044CB1 /* Pods_delivery5.framework */; };
		3A047C9427DDEBE500D39296 /* HeaderTabBar.swift in Sources */ = {isa = PBXBuildFile; fileRef = 3A047C9327DDEBE500D39296 /* HeaderTabBar.swift */; };
		3A047C9727DE0B7100D39296 /* BestHeader.swift in Sources */ = {isa = PBXBuildFile; fileRef = 3A047C9627DE0B7100D39296 /* BestHeader.swift */; };
		3A047C9927DE17AE00D39296 /* StoreHeaderCell.swift in Sources */ = {isa = PBXBuildFile; fileRef = 3A047C9827DE17AE00D39296 /* StoreHeaderCell.swift */; };
		3A2417FD27D70C940013D156 /* StoreCell.swift in Sources */ = {isa = PBXBuildFile; fileRef = 3A2417FC27D70C940013D156 /* StoreCell.swift */; };
		3A2417FF27D786080013D156 /* HexColor.swift in Sources */ = {isa = PBXBuildFile; fileRef = 3A2417FE27D786070013D156 /* HexColor.swift */; };
		3ABCD7D927D0820900D2F673 /* delivery5App.swift in Sources */ = {isa = PBXBuildFile; fileRef = 3ABCD7D827D0820900D2F673 /* delivery5App.swift */; };
		3ABCD7DB27D0820900D2F673 /* ContentView.swift in Sources */ = {isa = PBXBuildFile; fileRef = 3ABCD7DA27D0820900D2F673 /* ContentView.swift */; };
		3ABCD7DD27D0820A00D2F673 /* Assets.xcassets in Resources */ = {isa = PBXBuildFile; fileRef = 3ABCD7DC27D0820A00D2F673 /* Assets.xcassets */; };
		3ABCD7E027D0820A00D2F673 /* Preview Assets.xcassets in Resources */ = {isa = PBXBuildFile; fileRef = 3ABCD7DF27D0820A00D2F673 /* Preview Assets.xcassets */; };
		3ABCD7EB27D0F8BF00D2F673 /* BannerCell.swift in Sources */ = {isa = PBXBuildFile; fileRef = 3ABCD7EA27D0F8BF00D2F673 /* BannerCell.swift */; };
		3ABCD7ED27D0F8CE00D2F673 /* MenuCell.swift in Sources */ = {isa = PBXBuildFile; fileRef = 3ABCD7EC27D0F8CE00D2F673 /* MenuCell.swift */; };
		3ABCD7EF27D0F8D900D2F673 /* BestCell.swift in Sources */ = {isa = PBXBuildFile; fileRef = 3ABCD7EE27D0F8D900D2F673 /* BestCell.swift */; };
/* End PBXBuildFile section */

/* Begin PBXFileReference section */
		3A047C9327DDEBE500D39296 /* HeaderTabBar.swift */ = {isa = PBXFileReference; lastKnownFileType = sourcecode.swift; path = HeaderTabBar.swift; sourceTree = "<group>"; };
		3A047C9627DE0B7100D39296 /* BestHeader.swift */ = {isa = PBXFileReference; lastKnownFileType = sourcecode.swift; path = BestHeader.swift; sourceTree = "<group>"; };
		3A047C9827DE17AE00D39296 /* StoreHeaderCell.swift */ = {isa = PBXFileReference; lastKnownFileType = sourcecode.swift; path = StoreHeaderCell.swift; sourceTree = "<group>"; };
		3A2417FC27D70C940013D156 /* StoreCell.swift */ = {isa = PBXFileReference; lastKnownFileType = sourcecode.swift; path = StoreCell.swift; sourceTree = "<group>"; };
		3A2417FE27D786070013D156 /* HexColor.swift */ = {isa = PBXFileReference; lastKnownFileType = sourcecode.swift; path = HexColor.swift; sourceTree = "<group>"; };
		3ABCD7D527D0820900D2F673 /* delivery5.app */ = {isa = PBXFileReference; explicitFileType = wrapper.application; includeInIndex = 0; path = delivery5.app; sourceTree = BUILT_PRODUCTS_DIR; };
		3ABCD7D827D0820900D2F673 /* delivery5App.swift */ = {isa = PBXFileReference; lastKnownFileType = sourcecode.swift; path = delivery5App.swift; sourceTree = "<group>"; };
		3ABCD7DA27D0820900D2F673 /* ContentView.swift */ = {isa = PBXFileReference; lastKnownFileType = sourcecode.swift; path = ContentView.swift; sourceTree = "<group>"; };
		3ABCD7DC27D0820A00D2F673 /* Assets.xcassets */ = {isa = PBXFileReference; lastKnownFileType = folder.assetcatalog; path = Assets.xcassets; sourceTree = "<group>"; };
		3ABCD7DF27D0820A00D2F673 /* Preview Assets.xcassets */ = {isa = PBXFileReference; lastKnownFileType = folder.assetcatalog; path = "Preview Assets.xcassets"; sourceTree = "<group>"; };
		3ABCD7EA27D0F8BF00D2F673 /* BannerCell.swift */ = {isa = PBXFileReference; lastKnownFileType = sourcecode.swift; path = BannerCell.swift; sourceTree = "<group>"; };
		3ABCD7EC27D0F8CE00D2F673 /* MenuCell.swift */ = {isa = PBXFileReference; lastKnownFileType = sourcecode.swift; path = MenuCell.swift; sourceTree = "<group>"; };
		3ABCD7EE27D0F8D900D2F673 /* BestCell.swift */ = {isa = PBXFileReference; lastKnownFileType = sourcecode.swift; path = BestCell.swift; sourceTree = "<group>"; };
		513C6E8ECA8DBCAECCBC0815 /* Pods-delivery5.debug.xcconfig */ = {isa = PBXFileReference; includeInIndex = 1; lastKnownFileType = text.xcconfig; name = "Pods-delivery5.debug.xcconfig"; path = "Target Support Files/Pods-delivery5/Pods-delivery5.debug.xcconfig"; sourceTree = "<group>"; };
		7A90AAE8E51DB5C28D09E1B2 /* Pods-delivery5.release.xcconfig */ = {isa = PBXFileReference; includeInIndex = 1; lastKnownFileType = text.xcconfig; name = "Pods-delivery5.release.xcconfig"; path = "Target Support Files/Pods-delivery5/Pods-delivery5.release.xcconfig"; sourceTree = "<group>"; };
		9A3BC3D3132C06674E044CB1 /* Pods_delivery5.framework */ = {isa = PBXFileReference; explicitFileType = wrapper.framework; includeInIndex = 0; path = Pods_delivery5.framework; sourceTree = BUILT_PRODUCTS_DIR; };
/* End PBXFileReference section */

/* Begin PBXFrameworksBuildPhase section */
		3ABCD7D227D0820900D2F673 /* Frameworks */ = {
			isa = PBXFrameworksBuildPhase;
			buildActionMask = 2147483647;
			files = (
				12BE2E71B4E307ACF71DA718 /* Pods_delivery5.framework in Frameworks */,
			);
			runOnlyForDeploymentPostprocessing = 0;
		};
/* End PBXFrameworksBuildPhase section */

/* Begin PBXGroup section */
		3A047C9127DDEB9900D39296 /* delivery1 */ = {
			isa = PBXGroup;
			children = (
				3A047C9527DE0B6000D39296 /* Header */,
				3A2417FC27D70C940013D156 /* StoreCell.swift */,
				3ABCD7EE27D0F8D900D2F673 /* BestCell.swift */,
				3ABCD7EA27D0F8BF00D2F673 /* BannerCell.swift */,
				3ABCD7EC27D0F8CE00D2F673 /* MenuCell.swift */,
			);
			path = delivery1;
			sourceTree = "<group>";
		};
		3A047C9227DDEBBB00D39296 /* util */ = {
			isa = PBXGroup;
			children = (
				3A2417FE27D786070013D156 /* HexColor.swift */,
			);
			path = util;
			sourceTree = "<group>";
		};
		3A047C9527DE0B6000D39296 /* Header */ = {
			isa = PBXGroup;
			children = (
				3A047C9327DDEBE500D39296 /* HeaderTabBar.swift */,
				3A047C9627DE0B7100D39296 /* BestHeader.swift */,
				3A047C9827DE17AE00D39296 /* StoreHeaderCell.swift */,
			);
			path = Header;
			sourceTree = "<group>";
		};
		3ABCD7CC27D0820900D2F673 = {
			isa = PBXGroup;
			children = (
				3ABCD7D727D0820900D2F673 /* delivery5 */,
				3ABCD7D627D0820900D2F673 /* Products */,
				3D2547216A7B2D562B20B149 /* Pods */,
				6602B7AA95C30760726EC4FE /* Frameworks */,
			);
			sourceTree = "<group>";
		};
		3ABCD7D627D0820900D2F673 /* Products */ = {
			isa = PBXGroup;
			children = (
				3ABCD7D527D0820900D2F673 /* delivery5.app */,
			);
			name = Products;
			sourceTree = "<group>";
		};
		3ABCD7D727D0820900D2F673 /* delivery5 */ = {
			isa = PBXGroup;
			children = (
				3A047C9227DDEBBB00D39296 /* util */,
				3A047C9127DDEB9900D39296 /* delivery1 */,
				3ABCD7D827D0820900D2F673 /* delivery5App.swift */,
				3ABCD7DA27D0820900D2F673 /* ContentView.swift */,
				3ABCD7DC27D0820A00D2F673 /* Assets.xcassets */,
				3ABCD7DE27D0820A00D2F673 /* Preview Content */,
			);
			path = delivery5;
			sourceTree = "<group>";
		};
		3ABCD7DE27D0820A00D2F673 /* Preview Content */ = {
			isa = PBXGroup;
			children = (
				3ABCD7DF27D0820A00D2F673 /* Preview Assets.xcassets */,
			);
			path = "Preview Content";
			sourceTree = "<group>";
		};
		3D2547216A7B2D562B20B149 /* Pods */ = {
			isa = PBXGroup;
			children = (
				513C6E8ECA8DBCAECCBC0815 /* Pods-delivery5.debug.xcconfig */,
				7A90AAE8E51DB5C28D09E1B2 /* Pods-delivery5.release.xcconfig */,
			);
			path = Pods;
			sourceTree = "<group>";
		};
		6602B7AA95C30760726EC4FE /* Frameworks */ = {
			isa = PBXGroup;
			children = (
				9A3BC3D3132C06674E044CB1 /* Pods_delivery5.framework */,
			);
			name = Frameworks;
			sourceTree = "<group>";
		};
/* End PBXGroup section */

/* Begin PBXNativeTarget section */
		3ABCD7D427D0820900D2F673 /* delivery5 */ = {
			isa = PBXNativeTarget;
			buildConfigurationList = 3ABCD7E327D0820A00D2F673 /* Build configuration list for PBXNativeTarget "delivery5" */;
			buildPhases = (
				D6AC29C2507D044C9F7C96A3 /* [CP] Check Pods Manifest.lock */,
				3ABCD7D127D0820900D2F673 /* Sources */,
				3ABCD7D227D0820900D2F673 /* Frameworks */,
				3ABCD7D327D0820900D2F673 /* Resources */,
				076C550AA9F5997E0663888A /* [CP] Embed Pods Frameworks */,
			);
			buildRules = (
			);
			dependencies = (
			);
			name = delivery5;
			productName = delivery5;
			productReference = 3ABCD7D527D0820900D2F673 /* delivery5.app */;
			productType = "com.apple.product-type.application";
		};
/* End PBXNativeTarget section */

/* Begin PBXProject section */
		3ABCD7CD27D0820900D2F673 /* Project object */ = {
			isa = PBXProject;
			attributes = {
				BuildIndependentTargetsInParallel = 1;
				LastSwiftUpdateCheck = 1320;
				LastUpgradeCheck = 1320;
				TargetAttributes = {
					3ABCD7D427D0820900D2F673 = {
						CreatedOnToolsVersion = 13.2.1;
					};
				};
			};
			buildConfigurationList = 3ABCD7D027D0820900D2F673 /* Build configuration list for PBXProject "delivery5" */;
			compatibilityVersion = "Xcode 13.0";
			developmentRegion = en;
			hasScannedForEncodings = 0;
			knownRegions = (
				en,
				Base,
			);
			mainGroup = 3ABCD7CC27D0820900D2F673;
			productRefGroup = 3ABCD7D627D0820900D2F673 /* Products */;
			projectDirPath = "";
			projectRoot = "";
			targets = (
				3ABCD7D427D0820900D2F673 /* delivery5 */,
			);
		};
/* End PBXProject section */

/* Begin PBXResourcesBuildPhase section */
		3ABCD7D327D0820900D2F673 /* Resources */ = {
			isa = PBXResourcesBuildPhase;
			buildActionMask = 2147483647;
			files = (
				3ABCD7E027D0820A00D2F673 /* Preview Assets.xcassets in Resources */,
				3ABCD7DD27D0820A00D2F673 /* Assets.xcassets in Resources */,
			);
			runOnlyForDeploymentPostprocessing = 0;
		};
/* End PBXResourcesBuildPhase section */

/* Begin PBXShellScriptBuildPhase section */
		076C550AA9F5997E0663888A /* [CP] Embed Pods Frameworks */ = {
			isa = PBXShellScriptBuildPhase;
			buildActionMask = 2147483647;
			files = (
			);
			inputFileListPaths = (
				"${PODS_ROOT}/Target Support Files/Pods-delivery5/Pods-delivery5-frameworks-${CONFIGURATION}-input-files.xcfilelist",
			);
			name = "[CP] Embed Pods Frameworks";
			outputFileListPaths = (
				"${PODS_ROOT}/Target Support Files/Pods-delivery5/Pods-delivery5-frameworks-${CONFIGURATION}-output-files.xcfilelist",
			);
			runOnlyForDeploymentPostprocessing = 0;
			shellPath = /bin/sh;
			shellScript = "\"${PODS_ROOT}/Target Support Files/Pods-delivery5/Pods-delivery5-frameworks.sh\"\n";
			showEnvVarsInLog = 0;
		};
		D6AC29C2507D044C9F7C96A3 /* [CP] Check Pods Manifest.lock */ = {
			isa = PBXShellScriptBuildPhase;
			buildActionMask = 2147483647;
			files = (
			);
			inputFileListPaths = (
			);
			inputPaths = (
				"${PODS_PODFILE_DIR_PATH}/Podfile.lock",
				"${PODS_ROOT}/Manifest.lock",
			);
			name = "[CP] Check Pods Manifest.lock";
			outputFileListPaths = (
			);
			outputPaths = (
				"$(DERIVED_FILE_DIR)/Pods-delivery5-checkManifestLockResult.txt",
			);
			runOnlyForDeploymentPostprocessing = 0;
			shellPath = /bin/sh;
			shellScript = "diff \"${PODS_PODFILE_DIR_PATH}/Podfile.lock\" \"${PODS_ROOT}/Manifest.lock\" > /dev/null\nif [ $? != 0 ] ; then\n    # print error to STDERR\n    echo \"error: The sandbox is not in sync with the Podfile.lock. Run 'pod install' or update your CocoaPods installation.\" >&2\n    exit 1\nfi\n# This output is used by Xcode 'outputs' to avoid re-running this script phase.\necho \"SUCCESS\" > \"${SCRIPT_OUTPUT_FILE_0}\"\n";
			showEnvVarsInLog = 0;
		};
/* End PBXShellScriptBuildPhase section */

/* Begin PBXSourcesBuildPhase section */
		3ABCD7D127D0820900D2F673 /* Sources */ = {
			isa = PBXSourcesBuildPhase;
			buildActionMask = 2147483647;
			files = (
				3A047C9927DE17AE00D39296 /* StoreHeaderCell.swift in Sources */,
				3A047C9427DDEBE500D39296 /* HeaderTabBar.swift in Sources */,
				3A2417FF27D786080013D156 /* HexColor.swift in Sources */,
				3ABCD7DB27D0820900D2F673 /* ContentView.swift in Sources */,
				3ABCD7D927D0820900D2F673 /* delivery5App.swift in Sources */,
				3ABCD7ED27D0F8CE00D2F673 /* MenuCell.swift in Sources */,
				3ABCD7EF27D0F8D900D2F673 /* BestCell.swift in Sources */,
				3A047C9727DE0B7100D39296 /* BestHeader.swift in Sources */,
				3ABCD7EB27D0F8BF00D2F673 /* BannerCell.swift in Sources */,
				3A2417FD27D70C940013D156 /* StoreCell.swift in Sources */,
			);
			runOnlyForDeploymentPostprocessing = 0;
		};
/* End PBXSourcesBuildPhase section */

/* Begin XCBuildConfiguration section */
		3ABCD7E127D0820A00D2F673 /* Debug */ = {
			isa = XCBuildConfiguration;
			buildSettings = {
				ALWAYS_SEARCH_USER_PATHS = NO;
				CLANG_ANALYZER_NONNULL = YES;
				CLANG_ANALYZER_NUMBER_OBJECT_CONVERSION = YES_AGGRESSIVE;
				CLANG_CXX_LANGUAGE_STANDARD = "gnu++17";
				CLANG_CXX_LIBRARY = "libc++";
				CLANG_ENABLE_MODULES = YES;
				CLANG_ENABLE_OBJC_ARC = YES;
				CLANG_ENABLE_OBJC_WEAK = YES;
				CLANG_WARN_BLOCK_CAPTURE_AUTORELEASING = YES;
				CLANG_WARN_BOOL_CONVERSION = YES;
				CLANG_WARN_COMMA = YES;
				CLANG_WARN_CONSTANT_CONVERSION = YES;
				CLANG_WARN_DEPRECATED_OBJC_IMPLEMENTATIONS = YES;
				CLANG_WARN_DIRECT_OBJC_ISA_USAGE = YES_ERROR;
				CLANG_WARN_DOCUMENTATION_COMMENTS = YES;
				CLANG_WARN_EMPTY_BODY = YES;
				CLANG_WARN_ENUM_CONVERSION = YES;
				CLANG_WARN_INFINITE_RECURSION = YES;
				CLANG_WARN_INT_CONVERSION = YES;
				CLANG_WARN_NON_LITERAL_NULL_CONVERSION = YES;
				CLANG_WARN_OBJC_IMPLICIT_RETAIN_SELF = YES;
				CLANG_WARN_OBJC_LITERAL_CONVERSION = YES;
				CLANG_WARN_OBJC_ROOT_CLASS = YES_ERROR;
				CLANG_WARN_QUOTED_INCLUDE_IN_FRAMEWORK_HEADER = YES;
				CLANG_WARN_RANGE_LOOP_ANALYSIS = YES;
				CLANG_WARN_STRICT_PROTOTYPES = YES;
				CLANG_WARN_SUSPICIOUS_MOVE = YES;
				CLANG_WARN_UNGUARDED_AVAILABILITY = YES_AGGRESSIVE;
				CLANG_WARN_UNREACHABLE_CODE = YES;
				CLANG_WARN__DUPLICATE_METHOD_MATCH = YES;
				COPY_PHASE_STRIP = NO;
				DEBUG_INFORMATION_FORMAT = dwarf;
				ENABLE_STRICT_OBJC_MSGSEND = YES;
				ENABLE_TESTABILITY = YES;
				GCC_C_LANGUAGE_STANDARD = gnu11;
				GCC_DYNAMIC_NO_PIC = NO;
				GCC_NO_COMMON_BLOCKS = YES;
				GCC_OPTIMIZATION_LEVEL = 0;
				GCC_PREPROCESSOR_DEFINITIONS = (
					"DEBUG=1",
					"$(inherited)",
				);
				GCC_WARN_64_TO_32_BIT_CONVERSION = YES;
				GCC_WARN_ABOUT_RETURN_TYPE = YES_ERROR;
				GCC_WARN_UNDECLARED_SELECTOR = YES;
				GCC_WARN_UNINITIALIZED_AUTOS = YES_AGGRESSIVE;
				GCC_WARN_UNUSED_FUNCTION = YES;
				GCC_WARN_UNUSED_VARIABLE = YES;
				IPHONEOS_DEPLOYMENT_TARGET = 15.2;
				MTL_ENABLE_DEBUG_INFO = INCLUDE_SOURCE;
				MTL_FAST_MATH = YES;
				ONLY_ACTIVE_ARCH = YES;
				SDKROOT = iphoneos;
				SWIFT_ACTIVE_COMPILATION_CONDITIONS = DEBUG;
				SWIFT_OPTIMIZATION_LEVEL = "-Onone";
			};
			name = Debug;
		};
		3ABCD7E227D0820A00D2F673 /* Release */ = {
			isa = XCBuildConfiguration;
			buildSettings = {
				ALWAYS_SEARCH_USER_PATHS = NO;
				CLANG_ANALYZER_NONNULL = YES;
				CLANG_ANALYZER_NUMBER_OBJECT_CONVERSION = YES_AGGRESSIVE;
				CLANG_CXX_LANGUAGE_STANDARD = "gnu++17";
				CLANG_CXX_LIBRARY = "libc++";
				CLANG_ENABLE_MODULES = YES;
				CLANG_ENABLE_OBJC_ARC = YES;
				CLANG_ENABLE_OBJC_WEAK = YES;
				CLANG_WARN_BLOCK_CAPTURE_AUTORELEASING = YES;
				CLANG_WARN_BOOL_CONVERSION = YES;
				CLANG_WARN_COMMA = YES;
				CLANG_WARN_CONSTANT_CONVERSION = YES;
				CLANG_WARN_DEPRECATED_OBJC_IMPLEMENTATIONS = YES;
				CLANG_WARN_DIRECT_OBJC_ISA_USAGE = YES_ERROR;
				CLANG_WARN_DOCUMENTATION_COMMENTS = YES;
				CLANG_WARN_EMPTY_BODY = YES;
				CLANG_WARN_ENUM_CONVERSION = YES;
				CLANG_WARN_INFINITE_RECURSION = YES;
				CLANG_WARN_INT_CONVERSION = YES;
				CLANG_WARN_NON_LITERAL_NULL_CONVERSION = YES;
				CLANG_WARN_OBJC_IMPLICIT_RETAIN_SELF = YES;
				CLANG_WARN_OBJC_LITERAL_CONVERSION = YES;
				CLANG_WARN_OBJC_ROOT_CLASS = YES_ERROR;
				CLANG_WARN_QUOTED_INCLUDE_IN_FRAMEWORK_HEADER = YES;
				CLANG_WARN_RANGE_LOOP_ANALYSIS = YES;
				CLANG_WARN_STRICT_PROTOTYPES = YES;
				CLANG_WARN_SUSPICIOUS_MOVE = YES;
				CLANG_WARN_UNGUARDED_AVAILABILITY = YES_AGGRESSIVE;
				CLANG_WARN_UNREACHABLE_CODE = YES;
				CLANG_WARN__DUPLICATE_METHOD_MATCH = YES;
				COPY_PHASE_STRIP = NO;
				DEBUG_INFORMATION_FORMAT = "dwarf-with-dsym";
				ENABLE_NS_ASSERTIONS = NO;
				ENABLE_STRICT_OBJC_MSGSEND = YES;
				GCC_C_LANGUAGE_STANDARD = gnu11;
				GCC_NO_COMMON_BLOCKS = YES;
				GCC_WARN_64_TO_32_BIT_CONVERSION = YES;
				GCC_WARN_ABOUT_RETURN_TYPE = YES_ERROR;
				GCC_WARN_UNDECLARED_SELECTOR = YES;
				GCC_WARN_UNINITIALIZED_AUTOS = YES_AGGRESSIVE;
				GCC_WARN_UNUSED_FUNCTION = YES;
				GCC_WARN_UNUSED_VARIABLE = YES;
				IPHONEOS_DEPLOYMENT_TARGET = 15.2;
				MTL_ENABLE_DEBUG_INFO = NO;
				MTL_FAST_MATH = YES;
				SDKROOT = iphoneos;
				SWIFT_COMPILATION_MODE = wholemodule;
				SWIFT_OPTIMIZATION_LEVEL = "-O";
				VALIDATE_PRODUCT = YES;
			};
			name = Release;
		};
		3ABCD7E427D0820A00D2F673 /* Debug */ = {
			isa = XCBuildConfiguration;
			baseConfigurationReference = 513C6E8ECA8DBCAECCBC0815 /* Pods-delivery5.debug.xcconfig */;
			buildSettings = {
				ASSETCATALOG_COMPILER_APPICON_NAME = AppIcon;
				ASSETCATALOG_COMPILER_GLOBAL_ACCENT_COLOR_NAME = AccentColor;
				CODE_SIGN_STYLE = Automatic;
				CURRENT_PROJECT_VERSION = 1;
				DEVELOPMENT_ASSET_PATHS = "\"delivery5/Preview Content\"";
				ENABLE_PREVIEWS = YES;
				GENERATE_INFOPLIST_FILE = YES;
				INFOPLIST_KEY_UIApplicationSceneManifest_Generation = YES;
				INFOPLIST_KEY_UIApplicationSupportsIndirectInputEvents = YES;
				INFOPLIST_KEY_UILaunchScreen_Generation = YES;
				INFOPLIST_KEY_UISupportedInterfaceOrientations_iPad = "UIInterfaceOrientationPortrait UIInterfaceOrientationPortraitUpsideDown UIInterfaceOrientationLandscapeLeft UIInterfaceOrientationLandscapeRight";
				INFOPLIST_KEY_UISupportedInterfaceOrientations_iPhone = "UIInterfaceOrientationPortrait UIInterfaceOrientationLandscapeLeft UIInterfaceOrientationLandscapeRight";
				LD_RUNPATH_SEARCH_PATHS = (
					"$(inherited)",
					"@executable_path/Frameworks",
				);
				MARKETING_VERSION = 1.0;
				PRODUCT_BUNDLE_IDENTIFIER = "g-mi.delivery5";
				PRODUCT_NAME = "$(TARGET_NAME)";
				SWIFT_EMIT_LOC_STRINGS = YES;
				SWIFT_VERSION = 5.0;
				TARGETED_DEVICE_FAMILY = "1,2";
			};
			name = Debug;
		};
		3ABCD7E527D0820A00D2F673 /* Release */ = {
			isa = XCBuildConfiguration;
			baseConfigurationReference = 7A90AAE8E51DB5C28D09E1B2 /* Pods-delivery5.release.xcconfig */;
			buildSettings = {
				ASSETCATALOG_COMPILER_APPICON_NAME = AppIcon;
				ASSETCATALOG_COMPILER_GLOBAL_ACCENT_COLOR_NAME = AccentColor;
				CODE_SIGN_STYLE = Automatic;
				CURRENT_PROJECT_VERSION = 1;
				DEVELOPMENT_ASSET_PATHS = "\"delivery5/Preview Content\"";
				ENABLE_PREVIEWS = YES;
				GENERATE_INFOPLIST_FILE = YES;
				INFOPLIST_KEY_UIApplicationSceneManifest_Generation = YES;
				INFOPLIST_KEY_UIApplicationSupportsIndirectInputEvents = YES;
				INFOPLIST_KEY_UILaunchScreen_Generation = YES;
				INFOPLIST_KEY_UISupportedInterfaceOrientations_iPad = "UIInterfaceOrientationPortrait UIInterfaceOrientationPortraitUpsideDown UIInterfaceOrientationLandscapeLeft UIInterfaceOrientationLandscapeRight";
				INFOPLIST_KEY_UISupportedInterfaceOrientations_iPhone = "UIInterfaceOrientationPortrait UIInterfaceOrientationLandscapeLeft UIInterfaceOrientationLandscapeRight";
				LD_RUNPATH_SEARCH_PATHS = (
					"$(inherited)",
					"@executable_path/Frameworks",
				);
				MARKETING_VERSION = 1.0;
				PRODUCT_BUNDLE_IDENTIFIER = "g-mi.delivery5";
				PRODUCT_NAME = "$(TARGET_NAME)";
				SWIFT_EMIT_LOC_STRINGS = YES;
				SWIFT_VERSION = 5.0;
				TARGETED_DEVICE_FAMILY = "1,2";
			};
			name = Release;
		};
/* End XCBuildConfiguration section */

/* Begin XCConfigurationList section */
		3ABCD7D027D0820900D2F673 /* Build configuration list for PBXProject "delivery5" */ = {
			isa = XCConfigurationList;
			buildConfigurations = (
				3ABCD7E127D0820A00D2F673 /* Debug */,
				3ABCD7E227D0820A00D2F673 /* Release */,
			);
			defaultConfigurationIsVisible = 0;
			defaultConfigurationName = Release;
		};
		3ABCD7E327D0820A00D2F673 /* Build configuration list for PBXNativeTarget "delivery5" */ = {
			isa = XCConfigurationList;
			buildConfigurations = (
				3ABCD7E427D0820A00D2F673 /* Debug */,
				3ABCD7E527D0820A00D2F673 /* Release */,
			);
			defaultConfigurationIsVisible = 0;
			defaultConfigurationName = Release;
		};
/* End XCConfigurationList section */
	};
	rootObject = 3ABCD7CD27D0820900D2F673 /* Project object */;
}
